
Microsoft Visual Studio Solution File, Format Version 12.00
# Visual Studio Version 17
VisualStudioVersion = 17.12.35506.116
MinimumVisualStudioVersion = 10.0.40219.1
Project("{FAE04EC0-301F-11D3-BF4B-00C04F79EFBC}") = "Korn.AssemblyInjector", "Korn.AssemblyInjector\Korn.AssemblyInjector.csproj", "{D256E414-6A09-482A-B749-29B5F30F723E}"
EndProject
Project("{FAE04EC0-301F-11D3-BF4B-00C04F79EFBC}") = "Console", "Console\Console.csproj", "{07F4046E-7650-4625-AE89-B8E1BA44CE11}"
EndProject
Project("{2150E333-8FDC-42A3-9474-1A3956D46DE8}") = "Korn", "Korn", "{8307BFFC-5A43-4CC1-8CE7-457E1E9EA03A}"
EndProject
Project("{FAE04EC0-301F-11D3-BF4B-00C04F79EFBC}") = "Korn.Utils.Logger", "..\Korn.Utils.Logger\Korn.Utils.Logger\Korn.Utils.Logger.csproj", "{6BEFF572-ADCF-4691-94BC-037941FDAB22}"
EndProject
Project("{FAE04EC0-301F-11D3-BF4B-00C04F79EFBC}") = "Korn.Utils.System", "..\Korn.Utils.System\Korn.Utils.System\Korn.Utils.System.csproj", "{16571D32-ED1C-4E1C-90DC-C97D7EBD7B16}"
EndProject
Project("{2150E333-8FDC-42A3-9474-1A3956D46DE8}") = "Project Files", "Project Files", "{8B3FD792-1A62-44EE-B3DE-06AAABC76E3D}"
	ProjectSection(SolutionItems) = preProject
		Notes.txt = Notes.txt
	EndProjectSection
EndProject
Global
	GlobalSection(SolutionConfigurationPlatforms) = preSolution
		Debug|Any CPU = Debug|Any CPU
		Debug|x64 = Debug|x64
		Release|Any CPU = Release|Any CPU
		Release|x64 = Release|x64
	EndGlobalSection
	GlobalSection(ProjectConfigurationPlatforms) = postSolution
		{D256E414-6A09-482A-B749-29B5F30F723E}.Debug|Any CPU.ActiveCfg = Debug|Any CPU
		{D256E414-6A09-482A-B749-29B5F30F723E}.Debug|Any CPU.Build.0 = Debug|Any CPU
		{D256E414-6A09-482A-B749-29B5F30F723E}.Debug|x64.ActiveCfg = Debug|x64
		{D256E414-6A09-482A-B749-29B5F30F723E}.Debug|x64.Build.0 = Debug|x64
		{D256E414-6A09-482A-B749-29B5F30F723E}.Release|Any CPU.ActiveCfg = Release|Any CPU
		{D256E414-6A09-482A-B749-29B5F30F723E}.Release|Any CPU.Build.0 = Release|Any CPU
		{D256E414-6A09-482A-B749-29B5F30F723E}.Release|x64.ActiveCfg = Release|x64
		{D256E414-6A09-482A-B749-29B5F30F723E}.Release|x64.Build.0 = Release|x64
		{07F4046E-7650-4625-AE89-B8E1BA44CE11}.Debug|Any CPU.ActiveCfg = Debug|Any CPU
		{07F4046E-7650-4625-AE89-B8E1BA44CE11}.Debug|Any CPU.Build.0 = Debug|Any CPU
		{07F4046E-7650-4625-AE89-B8E1BA44CE11}.Debug|x64.ActiveCfg = Debug|Any CPU
		{07F4046E-7650-4625-AE89-B8E1BA44CE11}.Debug|x64.Build.0 = Debug|Any CPU
		{07F4046E-7650-4625-AE89-B8E1BA44CE11}.Release|Any CPU.ActiveCfg = Release|Any CPU
		{07F4046E-7650-4625-AE89-B8E1BA44CE11}.Release|Any CPU.Build.0 = Release|Any CPU
		{07F4046E-7650-4625-AE89-B8E1BA44CE11}.Release|x64.ActiveCfg = Release|Any CPU
		{07F4046E-7650-4625-AE89-B8E1BA44CE11}.Release|x64.Build.0 = Release|Any CPU
		{6BEFF572-ADCF-4691-94BC-037941FDAB22}.Debug|Any CPU.ActiveCfg = Debug|Any CPU
		{6BEFF572-ADCF-4691-94BC-037941FDAB22}.Debug|Any CPU.Build.0 = Debug|Any CPU
		{6BEFF572-ADCF-4691-94BC-037941FDAB22}.Debug|x64.ActiveCfg = Debug|Any CPU
		{6BEFF572-ADCF-4691-94BC-037941FDAB22}.Debug|x64.Build.0 = Debug|Any CPU
		{6BEFF572-ADCF-4691-94BC-037941FDAB22}.Release|Any CPU.ActiveCfg = Release|Any CPU
		{6BEFF572-ADCF-4691-94BC-037941FDAB22}.Release|Any CPU.Build.0 = Release|Any CPU
		{6BEFF572-ADCF-4691-94BC-037941FDAB22}.Release|x64.ActiveCfg = Release|Any CPU
		{6BEFF572-ADCF-4691-94BC-037941FDAB22}.Release|x64.Build.0 = Release|Any CPU
		{16571D32-ED1C-4E1C-90DC-C97D7EBD7B16}.Debug|Any CPU.ActiveCfg = Debug|x64
		{16571D32-ED1C-4E1C-90DC-C97D7EBD7B16}.Debug|Any CPU.Build.0 = Debug|x64
		{16571D32-ED1C-4E1C-90DC-C97D7EBD7B16}.Debug|x64.ActiveCfg = Debug|x64
		{16571D32-ED1C-4E1C-90DC-C97D7EBD7B16}.Debug|x64.Build.0 = Debug|x64
		{16571D32-ED1C-4E1C-90DC-C97D7EBD7B16}.Release|Any CPU.ActiveCfg = Release|x64
		{16571D32-ED1C-4E1C-90DC-C97D7EBD7B16}.Release|Any CPU.Build.0 = Release|x64
		{16571D32-ED1C-4E1C-90DC-C97D7EBD7B16}.Release|x64.ActiveCfg = Release|x64
		{16571D32-ED1C-4E1C-90DC-C97D7EBD7B16}.Release|x64.Build.0 = Release|x64
	EndGlobalSection
	GlobalSection(SolutionProperties) = preSolution
		HideSolutionNode = FALSE
	EndGlobalSection
	GlobalSection(NestedProjects) = preSolution
		{6BEFF572-ADCF-4691-94BC-037941FDAB22} = {8307BFFC-5A43-4CC1-8CE7-457E1E9EA03A}
		{16571D32-ED1C-4E1C-90DC-C97D7EBD7B16} = {8307BFFC-5A43-4CC1-8CE7-457E1E9EA03A}
	EndGlobalSection
EndGlobal
