
Microsoft Visual Studio Solution File, Format Version 12.00
# Visual Studio Version 17
VisualStudioVersion = 17.12.35506.116
MinimumVisualStudioVersion = 10.0.40219.1
Project("{FAE04EC0-301F-11D3-BF4B-00C04F79EFBC}") = "Korn.AssemblyInjector", "Korn.AssemblyInjector\Korn.AssemblyInjector.csproj", "{D256E414-6A09-482A-B749-29B5F30F723E}"
EndProject
Project("{FAE04EC0-301F-11D3-BF4B-00C04F79EFBC}") = "Console", "Console\Console.csproj", "{07F4046E-7650-4625-AE89-B8E1BA44CE11}"
EndProject
Project("{2150E333-8FDC-42A3-9474-1A3956D46DE8}") = "Korn", "Korn", "{8307BFFC-5A43-4CC1-8CE7-457E1E9EA03A}"
EndProject
Project("{FAE04EC0-301F-11D3-BF4B-00C04F79EFBC}") = "Korn.Utils.System", "..\Korn.Utils.System\Korn.Utils.System\Korn.Utils.System.csproj", "{16571D32-ED1C-4E1C-90DC-C97D7EBD7B16}"
EndProject
Project("{2150E333-8FDC-42A3-9474-1A3956D46DE8}") = "Project Files", "Project Files", "{8B3FD792-1A62-44EE-B3DE-06AAABC76E3D}"
	ProjectSection(SolutionItems) = preProject
		Notes.txt = Notes.txt
	EndProjectSection
EndProject
Project("{FAE04EC0-301F-11D3-BF4B-00C04F79EFBC}") = "Korn.Utils.PEImageReader", "..\Korn.Utils.PEImageReader\Korn.Utils.PEImageReader\Korn.Utils.PEImageReader.csproj", "{9085E120-B20C-44D1-91ED-9F23C929FBF0}"
EndProject
Project("{FAE04EC0-301F-11D3-BF4B-00C04F79EFBC}") = "Korn.Utils.PDBResolver", "..\Korn.Utils.PDBResolver\Korn.Utils.PDBResolver\Korn.Utils.PDBResolver.csproj", "{AA047945-2038-49B5-980C-8977B19625D1}"
EndProject
Project("{FAE04EC0-301F-11D3-BF4B-00C04F79EFBC}") = "Korn.Core", "..\Korn.Core\Korn.Core\Korn.Core.csproj", "{B642F4E8-F90E-4582-BDEE-1C113E767790}"
EndProject
Project("{FAE04EC0-301F-11D3-BF4B-00C04F79EFBC}") = "Korn.Utils.Assembler", "..\Korn.Utils.Assembler\Korn.Utils.Assembler\Korn.Utils.Assembler.csproj", "{F3789DA9-A125-4FB4-901B-75244A5F2F0F}"
EndProject
Global
	GlobalSection(SolutionConfigurationPlatforms) = preSolution
		Debug|x64 = Debug|x64
	EndGlobalSection
	GlobalSection(ProjectConfigurationPlatforms) = postSolution
		{D256E414-6A09-482A-B749-29B5F30F723E}.Debug|x64.ActiveCfg = Debug|x64
		{D256E414-6A09-482A-B749-29B5F30F723E}.Debug|x64.Build.0 = Debug|x64
		{07F4046E-7650-4625-AE89-B8E1BA44CE11}.Debug|x64.ActiveCfg = Debug|x64
		{07F4046E-7650-4625-AE89-B8E1BA44CE11}.Debug|x64.Build.0 = Debug|x64
		{16571D32-ED1C-4E1C-90DC-C97D7EBD7B16}.Debug|x64.ActiveCfg = Debug|x64
		{16571D32-ED1C-4E1C-90DC-C97D7EBD7B16}.Debug|x64.Build.0 = Debug|x64
		{9085E120-B20C-44D1-91ED-9F23C929FBF0}.Debug|x64.ActiveCfg = Debug|x64
		{9085E120-B20C-44D1-91ED-9F23C929FBF0}.Debug|x64.Build.0 = Debug|x64
		{AA047945-2038-49B5-980C-8977B19625D1}.Debug|x64.ActiveCfg = Debug|x64
		{AA047945-2038-49B5-980C-8977B19625D1}.Debug|x64.Build.0 = Debug|x64
		{B642F4E8-F90E-4582-BDEE-1C113E767790}.Debug|x64.ActiveCfg = Debug|x64
		{B642F4E8-F90E-4582-BDEE-1C113E767790}.Debug|x64.Build.0 = Debug|x64
		{F3789DA9-A125-4FB4-901B-75244A5F2F0F}.Debug|x64.ActiveCfg = Debug|x64
		{F3789DA9-A125-4FB4-901B-75244A5F2F0F}.Debug|x64.Build.0 = Debug|x64
	EndGlobalSection
	GlobalSection(SolutionProperties) = preSolution
		HideSolutionNode = FALSE
	EndGlobalSection
	GlobalSection(NestedProjects) = preSolution
		{07F4046E-7650-4625-AE89-B8E1BA44CE11} = {8B3FD792-1A62-44EE-B3DE-06AAABC76E3D}
		{16571D32-ED1C-4E1C-90DC-C97D7EBD7B16} = {8307BFFC-5A43-4CC1-8CE7-457E1E9EA03A}
		{9085E120-B20C-44D1-91ED-9F23C929FBF0} = {8307BFFC-5A43-4CC1-8CE7-457E1E9EA03A}
		{AA047945-2038-49B5-980C-8977B19625D1} = {8307BFFC-5A43-4CC1-8CE7-457E1E9EA03A}
		{B642F4E8-F90E-4582-BDEE-1C113E767790} = {8307BFFC-5A43-4CC1-8CE7-457E1E9EA03A}
		{F3789DA9-A125-4FB4-901B-75244A5F2F0F} = {8307BFFC-5A43-4CC1-8CE7-457E1E9EA03A}
	EndGlobalSection
EndGlobal
